
Microsoft Visual Studio Solution File, Format Version 12.00
# Visual Studio Version 17
VisualStudioVersion = 17.8.34322.80
MinimumVisualStudioVersion = 10.0.40219.1
Project("{FAE04EC0-301F-11D3-BF4B-00C04F79EFBC}") = "RomanNumerals", "RomanNumerals\RomanNumerals.csproj", "{8A5C333E-2310-4F9C-9BD8-6873FDD89DBA}"
EndProject
Global
	GlobalSection(SolutionConfigurationPlatforms) = preSolution
		Debug|Any CPU = Debug|Any CPU
		Release|Any CPU = Release|Any CPU
	EndGlobalSection
	GlobalSection(ProjectConfigurationPlatforms) = postSolution
		{8A5C333E-2310-4F9C-9BD8-6873FDD89DBA}.Debug|Any CPU.ActiveCfg = Debug|Any CPU
		{8A5C333E-2310-4F9C-9BD8-6873FDD89DBA}.Debug|Any CPU.Build.0 = Debug|Any CPU
		{8A5C333E-2310-4F9C-9BD8-6873FDD89DBA}.Release|Any CPU.ActiveCfg = Release|Any CPU
		{8A5C333E-2310-4F9C-9BD8-6873FDD89DBA}.Release|Any CPU.Build.0 = Release|Any CPU
	EndGlobalSection
	GlobalSection(SolutionProperties) = preSolution
		HideSolutionNode = FALSE
	EndGlobalSection
	GlobalSection(ExtensibilityGlobals) = postSolution
		SolutionGuid = {EF166682-8D8C-436A-B6BA-AFAAD92FFC66}
	EndGlobalSection
EndGlobal
